	<Project xmlns="http://schemas.microsoft.com/developer/msbuild/2003">
		<PropertyGroup>
			<ProjectGuid>{8F04D773-3D80-421A-935B-6B88A74F6399}</ProjectGuid>
			<MainSource>WMS_Supermarket.dpr</MainSource>
			<Base>True</Base>
			<Config Condition="'$(Config)'==''">Debug</Config>
			<AppType>Application</AppType>
			<FrameworkType>VCL</FrameworkType>
			<DCC_DCCCompiler>DCC32</DCC_DCCCompiler>
			<ProjectVersion>13.4</ProjectVersion>
			<Platform Condition="'$(Platform)'==''">Win32</Platform>
			<TargetedPlatforms>1</TargetedPlatforms>
			<Platform>Win32</Platform>
		</PropertyGroup>
		<PropertyGroup Condition="'$(Config)'=='Base' or '$(Base)'!=''">
			<Base>true</Base>
		</PropertyGroup>
		<PropertyGroup Condition="'$(Config)'=='Release' or '$(Cfg_1)'!=''">
			<Cfg_1>true</Cfg_1>
			<CfgParent>Base</CfgParent>
			<Base>true</Base>
		</PropertyGroup>
		<PropertyGroup Condition="'$(Config)'=='Debug' or '$(Cfg_2)'!=''">
			<Cfg_2>true</Cfg_2>
			<CfgParent>Base</CfgParent>
			<Base>true</Base>
		</PropertyGroup>
		<PropertyGroup Condition="'$(Base)'!=''">
			<VerInfo_Locale>1046</VerInfo_Locale>
			<VerInfo_Keys>CompanyName=;FileDescription=;FileVersion=1.0.0.0;InternalName=;LegalCopyright=;LegalTrademarks=;OriginalFilename=;ProductName=;ProductVersion=1.0.0.0;Comments=</VerInfo_Keys>
			<DCC_Namespace>Vcl;Vcl.Imaging;Vcl.Touch;Vcl.Samples;Vcl.Shell;System;Xml;Data;Datasnap;Web;Soap;Winapi;$(DCC_Namespace)</DCC_Namespace>
			<DCC_ImageBase>00400000</DCC_ImageBase>
			<DCC_UnitSearchPath>.\VisaoControle;.\Modelo;.\Modelo\Regra;.\Modelo\Persistencia;$(DCC_UnitSearchPath)</DCC_UnitSearchPath>
			<DebugSourcePath>.\Run;$(DebugSourcePath)</DebugSourcePath>
			<DCC_UsePackage>vcl;rtl;vclx;indy;inet;xmlrtl;vclie;inetdbbde;inetdbxpress;dbrtl;dsnap;dsnapcon;vcldb;soaprtl;VclSmp;dbexpress;dbxcds;inetdb;bdertl;vcldbx;webdsnap;websnap;adortl;ibxpress;teeui;teedb;tee;dss;visualclx;visualdbclx;vclactnband;vclshlctrls;IntrawebDB_50_70;Intraweb_50_70;Rave50CLX;Rave50VCL;dclOfficeXP;$(DCC_UsePackage)</DCC_UsePackage>
			<DCC_BplOutput>.\Run</DCC_BplOutput>
			<DCC_ExeOutput>.\Run</DCC_ExeOutput>
			<DCC_Define>FB2;$(DCC_Define)</DCC_Define>
			<DCC_N>true</DCC_N>
			<DCC_K>false</DCC_K>
			<DCC_DcpOutput>.\Run</DCC_DcpOutput>
			<DCC_S>false</DCC_S>
			<DCC_DcuOutput>.\Dcu</DCC_DcuOutput>
			<DCC_SymbolReferenceInfo>1</DCC_SymbolReferenceInfo>
			<DCC_F>false</DCC_F>
			<DCC_E>false</DCC_E>
		</PropertyGroup>
		<PropertyGroup Condition="'$(Cfg_1)'!=''">
			<DCC_LocalDebugSymbols>false</DCC_LocalDebugSymbols>
			<DCC_Define>RELEASE;$(DCC_Define)</DCC_Define>
			<DCC_SymbolReferenceInfo>0</DCC_SymbolReferenceInfo>
			<DCC_DebugInformation>false</DCC_DebugInformation>
		</PropertyGroup>
		<PropertyGroup Condition="'$(Cfg_2)'!=''">
			<ILINK_FullDebugInfo>true</ILINK_FullDebugInfo>
			<BCC_SourceDebuggingOn>true</BCC_SourceDebuggingOn>
			<BCC_DebugLineNumbers>true</BCC_DebugLineNumbers>
			<DCC_DebugInfoInExe>true</DCC_DebugInfoInExe>
			<DCC_Define>DEBUG;$(DCC_Define)</DCC_Define>
			<DCC_Optimize>false</DCC_Optimize>
			<DCC_GenerateStackFrames>true</DCC_GenerateStackFrames>
		</PropertyGroup>
		<ItemGroup>
			<DelphiCompile Include="WMS_Supermarket.dpr">
				<MainSource>MainSource</MainSource>
			</DelphiCompile>
			<DCCReference Include="VisaoControle\UFrmPrincipal.pas">
				<Form>FrmPrincipal</Form>
			</DCCReference>
			<DCCReference Include="VisaoControle\UFrmCRUD.pas">
				<Form>FrmCRUD</Form>
			</DCCReference>
			<DCCReference Include="Modelo\UUtilitarios.pas"/>
			<DCCReference Include="Modelo\UMensagens.pas"/>
			<DCCReference Include="Modelo\UConstantes.pas"/>
			<DCCReference Include="Modelo\UDialogo.pas"/>
			<DCCReference Include="Modelo\UOpcaoPesquisa.pas"/>
			<DCCReference Include="Modelo\Persistencia\UDM.pas">
				<Form>dmProway</Form>
				<DesignClass>TDataModule</DesignClass>
			</DCCReference>
			<DCCReference Include="Modelo\Persistencia\UEntidade.pas"/>
			<DCCReference Include="Modelo\Persistencia\URepositorio.pas"/>
			<DCCReference Include="Modelo\Persistencia\URepositorioDB.pas"/>
			<DCCReference Include="Modelo\Regra\URegraCRUD.pas"/>
			<DCCReference Include="Modelo\Persistencia\uPais.pas"/>
			<DCCReference Include="Modelo\Regra\URegraCRUDPais.pas"/>
			<DCCReference Include="Modelo\Persistencia\URepositorioPais.pas"/>
			<DCCReference Include="VisaoControle\UFrmCadastroPais.pas">
				<Form>FrmCadastroPais</Form>
			</DCCReference>
			<DCCReference Include="Modelo\Persistencia\UEstado.pas"/>
			<DCCReference Include="Modelo\Persistencia\URepositorioEstado.pas"/>
			<DCCReference Include="Modelo\Regra\URegraCRUDEstado.pas"/>
			<DCCReference Include="VisaoControle\UFrmCadastroEstado.pas">
				<Form>FrmCadastroEstado</Form>
			</DCCReference>
			<DCCReference Include="Modelo\Persistencia\UCidade.pas"/>
			<DCCReference Include="Modelo\Persistencia\URepositorioCidade.pas"/>
			<DCCReference Include="Modelo\Regra\URegraCRUDCidade.pas"/>
			<DCCReference Include="Modelo\Persistencia\UUnidadeMedida.pas"/>
			<DCCReference Include="Modelo\Persistencia\UEmpresaMatriz.pas"/>
			<DCCReference Include="VisaoControle\UFrmCadastroCidade.pas">
				<Form>FrmCadastroCidade</Form>
			</DCCReference>
			<DCCReference Include="Modelo\Persistencia\URepositorioEmpresaMatriz.pas"/>
			<DCCReference Include="Modelo\Regra\URegraCRUDEmpresaMatriz.pas"/>
			<DCCReference Include="VisaoControle\UFrmCadastroEmpresaMatriz.pas">
				<Form>FrmCadastroEmpresa</Form>
			</DCCReference>
			<DCCReference Include="Modelo\Persistencia\URepositorioUnidadeMedida.pas"/>
			<DCCReference Include="Modelo\Regra\URegraCRUDUnidadeMedida.pas"/>
			<DCCReference Include="VisaoControle\UCadastroUnidadeMedida.pas">
				<Form>FrmCadastroUnidadeMedida</Form>
			</DCCReference>
			<DCCReference Include="Modelo\Persistencia\UDeposito.pas"/>
			<DCCReference Include="Modelo\Persistencia\URepositorioDeposito.pas"/>
			<DCCReference Include="Modelo\Regra\URegraCRUDDeposito.pas"/>
			<DCCReference Include="VisaoControle\UFrmCadastroDeposito.pas">
				<Form>FrmCadastroDeposito</Form>
			</DCCReference>
			<DCCReference Include="Modelo\Persistencia\UEntradaEstoque.pas"/>
			<DCCReference Include="Modelo\Persistencia\URepositorioEntEstoque.pas"/>
			<DCCReference Include="Modelo\Regra\URegraCRUDEntEstoque.pas"/>
			<DCCReference Include="VisaoControle\UFrmCadastroEntEstoque.pas">
				<Form>FrmCRUD4</Form>
			</DCCReference>
			<DCCReference Include="Modelo\Persistencia\UGrupoProduto.pas"/>
			<DCCReference Include="Modelo\Persistencia\URepositorioGrupoProduto.pas"/>
			<DCCReference Include="Modelo\Regra\URegraCRUDGrupoProduto.pas"/>
			<DCCReference Include="VisaoControle\UFrmCadastroGrupoProduto.pas">
				<Form>FrmCadastroGrupoProduto</Form>
			</DCCReference>
			<DCCReference Include="Modelo\Persistencia\UPessoa.pas"/>
			<DCCReference Include="Modelo\Persistencia\URepositorioPessoa.pas"/>
			<DCCReference Include="Modelo\Regra\URegraCRUDPessoa.pas"/>
			<DCCReference Include="VisaoControle\UFrmCadastroPessoa.pas">
				<Form>FrmCRUD7</Form>
			</DCCReference>
			<DCCReference Include="Modelo\Persistencia\UProduto.pas"/>
			<DCCReference Include="Modelo\Persistencia\URepositorioProduto.pas"/>
			<DCCReference Include="Modelo\Regra\URegraCRUDProduto.pas"/>
			<DCCReference Include="VisaoControle\UFrmCadastroProduto.pas">
				<Form>FrmCadastroProduto</Form>
			</DCCReference>
			<DCCReference Include="Modelo\Persistencia\UUSuario.pas"/>
			<DCCReference Include="Modelo\Persistencia\URepositorioUsuario.pas"/>
			<DCCReference Include="Modelo\Regra\URegraCRUDUsuario.pas"/>
			<DCCReference Include="VisaoControle\UFrmCadastroUsuario.pas">
				<Form>FrmCRUD9</Form>
			</DCCReference>
			<DCCReference Include="Modelo\Persistencia\UFamiliaProduto.pas"/>
			<DCCReference Include="Modelo\Persistencia\URepositorioFamiliaProduto.pas"/>
			<DCCReference Include="Modelo\Regra\URegraCRUDFamiliaProduto.pas"/>
			<DCCReference Include="VisaoControle\UFrmCadastroFamiliaProduto.pas">
				<Form>FrmCadastroFamiliaProduto</Form>
			</DCCReference>
			<DCCReference Include="Modelo\Persistencia\UPapel.pas"/>
			<DCCReference Include="Modelo\Persistencia\URepositorioPapel.pas"/>
			<DCCReference Include="Modelo\Persistencia\URepositorioPapelPermissao.pas"/>
			<DCCReference Include="Modelo\UUsuarioLogado.pas"/>
			<DCCReference Include="VisaoControle\UFrmLogin.pas">
				<FormType>dfm</FormType>
				<Form>FrmLogin</Form>
			</DCCReference>
			<DCCReference Include="Modelo\Persistencia\UMarca.pas"/>
			<DCCReference Include="Modelo\Persistencia\URepositorioMarca.pas"/>
			<DCCReference Include="Modelo\Regra\URegraCRUDMarca.pas"/>
			<DCCReference Include="VisaoControle\UFrmCadastroMarca.pas">
				<FormType>dfm</FormType>
				<Form>FrmCadastroMarca</Form>
			</DCCReference>
			<DCCReference Include="Modelo\Persistencia\UStatus.pas"/>
			<DCCReference Include="Modelo\Persistencia\URepositorioStatus.pas"/>
			<DCCReference Include="Modelo\Regra\URegraCRUDStatus.pas"/>
			<DCCReference Include="Modelo\Persistencia\UTipoMovimentacao.pas"/>
			<DCCReference Include="Modelo\Persistencia\URepositorioTipoMovimentacao.pas"/>
			<DCCReference Include="Modelo\Regra\URegraCRUDTipoMovimentacao.pas"/>
			<DCCReference Include="Modelo\Persistencia\URequisicaoEstoque.pas"/>
			<DCCReference Include="Modelo\Persistencia\URepositorioRequisicaoEstoque.pas"/>
			<DCCReference Include="VisaoControle\UFrmCadastroStatusRequisicao.pas">
				<Form>FrmCadastroStatusRequisicao</Form>
			</DCCReference>
			<DCCReference Include="VisaoControle\UFrmCadastroTipoMovimentacao.pas">
				<Form>FrmCadastroTipoMovimentacao</Form>
			</DCCReference>
			<DCCReference Include="Modelo\Persistencia\UMovimentacao.pas"/>
			<DCCReference Include="Modelo\Persistencia\URepositorioMovimentacao.pas"/>
			<DCCReference Include="Modelo\Regra\URegraCRUDMovimentacao.pas"/>
			<DCCReference Include="Modelo\Persistencia\ULote.pas"/>
			<DCCReference Include="Modelo\Persistencia\URepositorioLote.pas"/>
			<DCCReference Include="Modelo\Regra\URegraCRUDLote.pas"/>
			<DCCReference Include="Modelo\Regra\URegraCRUDRequisicaoEstoque.pas"/>
			<DCCReference Include="VisaoControle\UFrmCadastroRequisicao.pas">
				<Form>FrmCadastroRequisicao</Form>
			</DCCReference>
			<DCCReference Include="VisaoControle\UFrmCadastroLote.pas">
				<Form>FrmCadastroLote</Form>
			</DCCReference>
			<BuildConfiguration Include="Debug">
				<Key>Cfg_2</Key>
				<CfgParent>Base</CfgParent>
			</BuildConfiguration>
			<BuildConfiguration Include="Base">
				<Key>Base</Key>
			</BuildConfiguration>
			<BuildConfiguration Include="Release">
				<Key>Cfg_1</Key>
				<CfgParent>Base</CfgParent>
			</BuildConfiguration>
		</ItemGroup>
		<Import Condition="Exists('$(BDS)\Bin\CodeGear.Delphi.Targets')" Project="$(BDS)\Bin\CodeGear.Delphi.Targets"/>
		<Import Condition="Exists('$(APPDATA)\Embarcadero\$(BDSAPPDATABASEDIR)\8.0\UserTools.proj')" Project="$(APPDATA)\Embarcadero\$(BDSAPPDATABASEDIR)\8.0\UserTools.proj"/>
		<ProjectExtensions>
			<Borland.Personality>Delphi.Personality.12</Borland.Personality>
			<Borland.ProjectType>VCLApplication</Borland.ProjectType>
			<BorlandProject>
				<Delphi.Personality>
					<Source>
						<Source Name="MainSource">WMS_Supermarket.dpr</Source>
					</Source>
					<VersionInfo>
						<VersionInfo Name="IncludeVerInfo">False</VersionInfo>
						<VersionInfo Name="AutoIncBuild">False</VersionInfo>
						<VersionInfo Name="MajorVer">1</VersionInfo>
						<VersionInfo Name="MinorVer">0</VersionInfo>
						<VersionInfo Name="Release">0</VersionInfo>
						<VersionInfo Name="Build">0</VersionInfo>
						<VersionInfo Name="Debug">False</VersionInfo>
						<VersionInfo Name="PreRelease">False</VersionInfo>
						<VersionInfo Name="Special">False</VersionInfo>
						<VersionInfo Name="Private">False</VersionInfo>
						<VersionInfo Name="DLL">False</VersionInfo>
						<VersionInfo Name="Locale">1046</VersionInfo>
						<VersionInfo Name="CodePage">1252</VersionInfo>
					</VersionInfo>
					<VersionInfoKeys>
						<VersionInfoKeys Name="CompanyName"/>
						<VersionInfoKeys Name="FileDescription"/>
						<VersionInfoKeys Name="FileVersion">1.0.0.0</VersionInfoKeys>
						<VersionInfoKeys Name="InternalName"/>
						<VersionInfoKeys Name="LegalCopyright"/>
						<VersionInfoKeys Name="LegalTrademarks"/>
						<VersionInfoKeys Name="OriginalFilename"/>
						<VersionInfoKeys Name="ProductName"/>
						<VersionInfoKeys Name="ProductVersion">1.0.0.0</VersionInfoKeys>
						<VersionInfoKeys Name="Comments"/>
					</VersionInfoKeys>
				</Delphi.Personality>
				<Platforms>
					<Platform value="Win64">False</Platform>
					<Platform value="Win32">True</Platform>
				</Platforms>
			</BorlandProject>
			<ProjectFileVersion>12</ProjectFileVersion>
		</ProjectExtensions>
	</Project>
